
Microsoft Visual Studio Solution File, Format Version 12.00
# Visual Studio 15
VisualStudioVersion = 15.0.26124.0
MinimumVisualStudioVersion = 15.0.26124.0
Project("{FAE04EC0-301F-11D3-BF4B-00C04F79EFBC}") = "Api", "Api\Api.csproj", "{2C543212-C5AA-4154-AA31-A2FA881D61AA}"
EndProject
Project("{FAE04EC0-301F-11D3-BF4B-00C04F79EFBC}") = "Api.Specs", "Api.Specs\Api.Specs.csproj", "{514FF7DB-13EE-4C38-958A-0ECC45B2F0BF}"
EndProject
Global
	GlobalSection(SolutionConfigurationPlatforms) = preSolution
		Debug|Any CPU = Debug|Any CPU
		Debug|x64 = Debug|x64
		Debug|x86 = Debug|x86
		Release|Any CPU = Release|Any CPU
		Release|x64 = Release|x64
		Release|x86 = Release|x86
	EndGlobalSection
	GlobalSection(SolutionProperties) = preSolution
		HideSolutionNode = FALSE
	EndGlobalSection
	GlobalSection(ProjectConfigurationPlatforms) = postSolution
		{2C543212-C5AA-4154-AA31-A2FA881D61AA}.Debug|Any CPU.ActiveCfg = Debug|Any CPU
		{2C543212-C5AA-4154-AA31-A2FA881D61AA}.Debug|Any CPU.Build.0 = Debug|Any CPU
		{2C543212-C5AA-4154-AA31-A2FA881D61AA}.Debug|x64.ActiveCfg = Debug|Any CPU
		{2C543212-C5AA-4154-AA31-A2FA881D61AA}.Debug|x64.Build.0 = Debug|Any CPU
		{2C543212-C5AA-4154-AA31-A2FA881D61AA}.Debug|x86.ActiveCfg = Debug|Any CPU
		{2C543212-C5AA-4154-AA31-A2FA881D61AA}.Debug|x86.Build.0 = Debug|Any CPU
		{2C543212-C5AA-4154-AA31-A2FA881D61AA}.Release|Any CPU.ActiveCfg = Release|Any CPU
		{2C543212-C5AA-4154-AA31-A2FA881D61AA}.Release|Any CPU.Build.0 = Release|Any CPU
		{2C543212-C5AA-4154-AA31-A2FA881D61AA}.Release|x64.ActiveCfg = Release|Any CPU
		{2C543212-C5AA-4154-AA31-A2FA881D61AA}.Release|x64.Build.0 = Release|Any CPU
		{2C543212-C5AA-4154-AA31-A2FA881D61AA}.Release|x86.ActiveCfg = Release|Any CPU
		{2C543212-C5AA-4154-AA31-A2FA881D61AA}.Release|x86.Build.0 = Release|Any CPU
		{514FF7DB-13EE-4C38-958A-0ECC45B2F0BF}.Debug|Any CPU.ActiveCfg = Debug|Any CPU
		{514FF7DB-13EE-4C38-958A-0ECC45B2F0BF}.Debug|Any CPU.Build.0 = Debug|Any CPU
		{514FF7DB-13EE-4C38-958A-0ECC45B2F0BF}.Debug|x64.ActiveCfg = Debug|Any CPU
		{514FF7DB-13EE-4C38-958A-0ECC45B2F0BF}.Debug|x64.Build.0 = Debug|Any CPU
		{514FF7DB-13EE-4C38-958A-0ECC45B2F0BF}.Debug|x86.ActiveCfg = Debug|Any CPU
		{514FF7DB-13EE-4C38-958A-0ECC45B2F0BF}.Debug|x86.Build.0 = Debug|Any CPU
		{514FF7DB-13EE-4C38-958A-0ECC45B2F0BF}.Release|Any CPU.ActiveCfg = Release|Any CPU
		{514FF7DB-13EE-4C38-958A-0ECC45B2F0BF}.Release|Any CPU.Build.0 = Release|Any CPU
		{514FF7DB-13EE-4C38-958A-0ECC45B2F0BF}.Release|x64.ActiveCfg = Release|Any CPU
		{514FF7DB-13EE-4C38-958A-0ECC45B2F0BF}.Release|x64.Build.0 = Release|Any CPU
		{514FF7DB-13EE-4C38-958A-0ECC45B2F0BF}.Release|x86.ActiveCfg = Release|Any CPU
		{514FF7DB-13EE-4C38-958A-0ECC45B2F0BF}.Release|x86.Build.0 = Release|Any CPU
	EndGlobalSection
EndGlobal
